// !$*UTF8*$!
{
	archiveVersion = 1;
	classes = {
	};
	objectVersion = 55;
	objects = {

/* Begin PBXBuildFile section */
		8A8F443A27AC0AFC00C0C9F6 /* NYT_NewsApp.swift in Sources */ = {isa = PBXBuildFile; fileRef = 8A8F443927AC0AFC00C0C9F6 /* NYT_NewsApp.swift */; };
		8A8F443C27AC0AFC00C0C9F6 /* ContentView.swift in Sources */ = {isa = PBXBuildFile; fileRef = 8A8F443B27AC0AFC00C0C9F6 /* ContentView.swift */; };
		8A8F443E27AC0AFD00C0C9F6 /* Assets.xcassets in Resources */ = {isa = PBXBuildFile; fileRef = 8A8F443D27AC0AFD00C0C9F6 /* Assets.xcassets */; };
		8A8F444127AC0AFD00C0C9F6 /* Preview Assets.xcassets in Resources */ = {isa = PBXBuildFile; fileRef = 8A8F444027AC0AFD00C0C9F6 /* Preview Assets.xcassets */; };
		8A8F444B27AC0AFE00C0C9F6 /* NYT_NewsTests.swift in Sources */ = {isa = PBXBuildFile; fileRef = 8A8F444A27AC0AFE00C0C9F6 /* NYT_NewsTests.swift */; };
		8A8F445527AC0AFE00C0C9F6 /* NYT_NewsUITests.swift in Sources */ = {isa = PBXBuildFile; fileRef = 8A8F445427AC0AFE00C0C9F6 /* NYT_NewsUITests.swift */; };
		8A8F445727AC0AFE00C0C9F6 /* NYT_NewsUITestsLaunchTests.swift in Sources */ = {isa = PBXBuildFile; fileRef = 8A8F445627AC0AFE00C0C9F6 /* NYT_NewsUITestsLaunchTests.swift */; };
		8A8F446927AC0B2E00C0C9F6 /* APICaller.swift in Sources */ = {isa = PBXBuildFile; fileRef = 8A8F446827AC0B2E00C0C9F6 /* APICaller.swift */; };
		8A8F446B27AC0B3800C0C9F6 /* TopStoriesResponse.swift in Sources */ = {isa = PBXBuildFile; fileRef = 8A8F446A27AC0B3800C0C9F6 /* TopStoriesResponse.swift */; };
		8A8F446D27AC0B4000C0C9F6 /* DetailVM.swift in Sources */ = {isa = PBXBuildFile; fileRef = 8A8F446C27AC0B4000C0C9F6 /* DetailVM.swift */; };
		8A8F446F27AC0B4900C0C9F6 /* TopStoriesVM.swift in Sources */ = {isa = PBXBuildFile; fileRef = 8A8F446E27AC0B4900C0C9F6 /* TopStoriesVM.swift */; };
		8A8F447127AC0B5100C0C9F6 /* HomeView.swift in Sources */ = {isa = PBXBuildFile; fileRef = 8A8F447027AC0B5100C0C9F6 /* HomeView.swift */; };
		8A8F447327AC0B5900C0C9F6 /* TopStoryListVIew.swift in Sources */ = {isa = PBXBuildFile; fileRef = 8A8F447227AC0B5900C0C9F6 /* TopStoryListVIew.swift */; };
		8A8F447527AC0B6400C0C9F6 /* DetailView.swift in Sources */ = {isa = PBXBuildFile; fileRef = 8A8F447427AC0B6400C0C9F6 /* DetailView.swift */; };
		8A8F447727AC0B6D00C0C9F6 /* SafariWebView.swift in Sources */ = {isa = PBXBuildFile; fileRef = 8A8F447627AC0B6D00C0C9F6 /* SafariWebView.swift */; };
		8A8F447927AC0B7800C0C9F6 /* TopStoryRowView.swift in Sources */ = {isa = PBXBuildFile; fileRef = 8A8F447827AC0B7800C0C9F6 /* TopStoryRowView.swift */; };
		8A8F447B27AC0B8200C0C9F6 /* ArticleCategory.swift in Sources */ = {isa = PBXBuildFile; fileRef = 8A8F447A27AC0B8200C0C9F6 /* ArticleCategory.swift */; };
		8A8F447E27AC0BE700C0C9F6 /* Kingfisher in Frameworks */ = {isa = PBXBuildFile; productRef = 8A8F447D27AC0BE700C0C9F6 /* Kingfisher */; };
		8A8F448027AC0C0000C0C9F6 /* TopStoriesVM_Tests.swift in Sources */ = {isa = PBXBuildFile; fileRef = 8A8F447F27AC0C0000C0C9F6 /* TopStoriesVM_Tests.swift */; };
/* End PBXBuildFile section */

/* Begin PBXContainerItemProxy section */
		8A8F444727AC0AFE00C0C9F6 /* PBXContainerItemProxy */ = {
			isa = PBXContainerItemProxy;
			containerPortal = 8A8F442E27AC0AFC00C0C9F6 /* Project object */;
			proxyType = 1;
			remoteGlobalIDString = 8A8F443527AC0AFC00C0C9F6;
			remoteInfo = "NYT-News";
		};
		8A8F445127AC0AFE00C0C9F6 /* PBXContainerItemProxy */ = {
			isa = PBXContainerItemProxy;
			containerPortal = 8A8F442E27AC0AFC00C0C9F6 /* Project object */;
			proxyType = 1;
			remoteGlobalIDString = 8A8F443527AC0AFC00C0C9F6;
			remoteInfo = "NYT-News";
		};
/* End PBXContainerItemProxy section */

/* Begin PBXFileReference section */
		8A8F443627AC0AFC00C0C9F6 /* NYT-News.app */ = {isa = PBXFileReference; explicitFileType = wrapper.application; includeInIndex = 0; path = "NYT-News.app"; sourceTree = BUILT_PRODUCTS_DIR; };
		8A8F443927AC0AFC00C0C9F6 /* NYT_NewsApp.swift */ = {isa = PBXFileReference; lastKnownFileType = sourcecode.swift; path = NYT_NewsApp.swift; sourceTree = "<group>"; };
		8A8F443B27AC0AFC00C0C9F6 /* ContentView.swift */ = {isa = PBXFileReference; lastKnownFileType = sourcecode.swift; path = ContentView.swift; sourceTree = "<group>"; };
		8A8F443D27AC0AFD00C0C9F6 /* Assets.xcassets */ = {isa = PBXFileReference; lastKnownFileType = folder.assetcatalog; path = Assets.xcassets; sourceTree = "<group>"; };
		8A8F444027AC0AFD00C0C9F6 /* Preview Assets.xcassets */ = {isa = PBXFileReference; lastKnownFileType = folder.assetcatalog; path = "Preview Assets.xcassets"; sourceTree = "<group>"; };
		8A8F444627AC0AFE00C0C9F6 /* NYT-NewsTests.xctest */ = {isa = PBXFileReference; explicitFileType = wrapper.cfbundle; includeInIndex = 0; path = "NYT-NewsTests.xctest"; sourceTree = BUILT_PRODUCTS_DIR; };
		8A8F444A27AC0AFE00C0C9F6 /* NYT_NewsTests.swift */ = {isa = PBXFileReference; lastKnownFileType = sourcecode.swift; path = NYT_NewsTests.swift; sourceTree = "<group>"; };
		8A8F445027AC0AFE00C0C9F6 /* NYT-NewsUITests.xctest */ = {isa = PBXFileReference; explicitFileType = wrapper.cfbundle; includeInIndex = 0; path = "NYT-NewsUITests.xctest"; sourceTree = BUILT_PRODUCTS_DIR; };
		8A8F445427AC0AFE00C0C9F6 /* NYT_NewsUITests.swift */ = {isa = PBXFileReference; lastKnownFileType = sourcecode.swift; path = NYT_NewsUITests.swift; sourceTree = "<group>"; };
		8A8F445627AC0AFE00C0C9F6 /* NYT_NewsUITestsLaunchTests.swift */ = {isa = PBXFileReference; lastKnownFileType = sourcecode.swift; path = NYT_NewsUITestsLaunchTests.swift; sourceTree = "<group>"; };
		8A8F446827AC0B2E00C0C9F6 /* APICaller.swift */ = {isa = PBXFileReference; lastKnownFileType = sourcecode.swift; path = APICaller.swift; sourceTree = "<group>"; };
		8A8F446A27AC0B3800C0C9F6 /* TopStoriesResponse.swift */ = {isa = PBXFileReference; lastKnownFileType = sourcecode.swift; path = TopStoriesResponse.swift; sourceTree = "<group>"; };
		8A8F446C27AC0B4000C0C9F6 /* DetailVM.swift */ = {isa = PBXFileReference; lastKnownFileType = sourcecode.swift; path = DetailVM.swift; sourceTree = "<group>"; };
		8A8F446E27AC0B4900C0C9F6 /* TopStoriesVM.swift */ = {isa = PBXFileReference; lastKnownFileType = sourcecode.swift; path = TopStoriesVM.swift; sourceTree = "<group>"; };
		8A8F447027AC0B5100C0C9F6 /* HomeView.swift */ = {isa = PBXFileReference; lastKnownFileType = sourcecode.swift; path = HomeView.swift; sourceTree = "<group>"; };
		8A8F447227AC0B5900C0C9F6 /* TopStoryListVIew.swift */ = {isa = PBXFileReference; lastKnownFileType = sourcecode.swift; path = TopStoryListVIew.swift; sourceTree = "<group>"; };
		8A8F447427AC0B6400C0C9F6 /* DetailView.swift */ = {isa = PBXFileReference; lastKnownFileType = sourcecode.swift; path = DetailView.swift; sourceTree = "<group>"; };
		8A8F447627AC0B6D00C0C9F6 /* SafariWebView.swift */ = {isa = PBXFileReference; lastKnownFileType = sourcecode.swift; path = SafariWebView.swift; sourceTree = "<group>"; };
		8A8F447827AC0B7800C0C9F6 /* TopStoryRowView.swift */ = {isa = PBXFileReference; lastKnownFileType = sourcecode.swift; path = TopStoryRowView.swift; sourceTree = "<group>"; };
		8A8F447A27AC0B8200C0C9F6 /* ArticleCategory.swift */ = {isa = PBXFileReference; lastKnownFileType = sourcecode.swift; path = ArticleCategory.swift; sourceTree = "<group>"; };
		8A8F447F27AC0C0000C0C9F6 /* TopStoriesVM_Tests.swift */ = {isa = PBXFileReference; lastKnownFileType = sourcecode.swift; path = TopStoriesVM_Tests.swift; sourceTree = "<group>"; };
/* End PBXFileReference section */

/* Begin PBXFrameworksBuildPhase section */
		8A8F443327AC0AFC00C0C9F6 /* Frameworks */ = {
			isa = PBXFrameworksBuildPhase;
			buildActionMask = 2147483647;
			files = (
				8A8F447E27AC0BE700C0C9F6 /* Kingfisher in Frameworks */,
			);
			runOnlyForDeploymentPostprocessing = 0;
		};
		8A8F444327AC0AFE00C0C9F6 /* Frameworks */ = {
			isa = PBXFrameworksBuildPhase;
			buildActionMask = 2147483647;
			files = (
			);
			runOnlyForDeploymentPostprocessing = 0;
		};
		8A8F444D27AC0AFE00C0C9F6 /* Frameworks */ = {
			isa = PBXFrameworksBuildPhase;
			buildActionMask = 2147483647;
			files = (
			);
			runOnlyForDeploymentPostprocessing = 0;
		};
/* End PBXFrameworksBuildPhase section */

/* Begin PBXGroup section */
		8A8F442D27AC0AFC00C0C9F6 = {
			isa = PBXGroup;
			children = (
				8A8F443827AC0AFC00C0C9F6 /* NYT-News */,
				8A8F444927AC0AFE00C0C9F6 /* NYT-NewsTests */,
				8A8F445327AC0AFE00C0C9F6 /* NYT-NewsUITests */,
				8A8F443727AC0AFC00C0C9F6 /* Products */,
			);
			sourceTree = "<group>";
		};
		8A8F443727AC0AFC00C0C9F6 /* Products */ = {
			isa = PBXGroup;
			children = (
				8A8F443627AC0AFC00C0C9F6 /* NYT-News.app */,
				8A8F444627AC0AFE00C0C9F6 /* NYT-NewsTests.xctest */,
				8A8F445027AC0AFE00C0C9F6 /* NYT-NewsUITests.xctest */,
			);
			name = Products;
			sourceTree = "<group>";
		};
		8A8F443827AC0AFC00C0C9F6 /* NYT-News */ = {
			isa = PBXGroup;
			children = (
				8A8F446727AC0B2300C0C9F6 /* Services */,
				8A8F446627AC0B1E00C0C9F6 /* Models */,
				8A8F446527AC0B1800C0C9F6 /* View Models */,
				8A8F446427AC0B1300C0C9F6 /* Views */,
				8A8F446327AC0B0A00C0C9F6 /* Components */,
				8A8F443927AC0AFC00C0C9F6 /* NYT_NewsApp.swift */,
				8A8F443B27AC0AFC00C0C9F6 /* ContentView.swift */,
				8A8F443D27AC0AFD00C0C9F6 /* Assets.xcassets */,
				8A8F443F27AC0AFD00C0C9F6 /* Preview Content */,
			);
			path = "NYT-News";
			sourceTree = "<group>";
		};
		8A8F443F27AC0AFD00C0C9F6 /* Preview Content */ = {
			isa = PBXGroup;
			children = (
				8A8F444027AC0AFD00C0C9F6 /* Preview Assets.xcassets */,
			);
			path = "Preview Content";
			sourceTree = "<group>";
		};
		8A8F444927AC0AFE00C0C9F6 /* NYT-NewsTests */ = {
			isa = PBXGroup;
			children = (
				8A8F444A27AC0AFE00C0C9F6 /* NYT_NewsTests.swift */,
				8A8F447F27AC0C0000C0C9F6 /* TopStoriesVM_Tests.swift */,
			);
			path = "NYT-NewsTests";
			sourceTree = "<group>";
		};
		8A8F445327AC0AFE00C0C9F6 /* NYT-NewsUITests */ = {
			isa = PBXGroup;
			children = (
				8A8F445427AC0AFE00C0C9F6 /* NYT_NewsUITests.swift */,
				8A8F445627AC0AFE00C0C9F6 /* NYT_NewsUITestsLaunchTests.swift */,
			);
			path = "NYT-NewsUITests";
			sourceTree = "<group>";
		};
		8A8F446327AC0B0A00C0C9F6 /* Components */ = {
			isa = PBXGroup;
			children = (
				8A8F447A27AC0B8200C0C9F6 /* ArticleCategory.swift */,
			);
			path = Components;
			sourceTree = "<group>";
		};
		8A8F446427AC0B1300C0C9F6 /* Views */ = {
			isa = PBXGroup;
			children = (
				8A8F447027AC0B5100C0C9F6 /* HomeView.swift */,
				8A8F447227AC0B5900C0C9F6 /* TopStoryListVIew.swift */,
				8A8F447427AC0B6400C0C9F6 /* DetailView.swift */,
				8A8F447627AC0B6D00C0C9F6 /* SafariWebView.swift */,
				8A8F447827AC0B7800C0C9F6 /* TopStoryRowView.swift */,
			);
			path = Views;
			sourceTree = "<group>";
		};
		8A8F446527AC0B1800C0C9F6 /* View Models */ = {
			isa = PBXGroup;
			children = (
				8A8F446C27AC0B4000C0C9F6 /* DetailVM.swift */,
				8A8F446E27AC0B4900C0C9F6 /* TopStoriesVM.swift */,
			);
			path = "View Models";
			sourceTree = "<group>";
		};
		8A8F446627AC0B1E00C0C9F6 /* Models */ = {
			isa = PBXGroup;
			children = (
				8A8F446A27AC0B3800C0C9F6 /* TopStoriesResponse.swift */,
			);
			path = Models;
			sourceTree = "<group>";
		};
		8A8F446727AC0B2300C0C9F6 /* Services */ = {
			isa = PBXGroup;
			children = (
				8A8F446827AC0B2E00C0C9F6 /* APICaller.swift */,
			);
			path = Services;
			sourceTree = "<group>";
		};
/* End PBXGroup section */

/* Begin PBXNativeTarget section */
		8A8F443527AC0AFC00C0C9F6 /* NYT-News */ = {
			isa = PBXNativeTarget;
			buildConfigurationList = 8A8F445A27AC0AFE00C0C9F6 /* Build configuration list for PBXNativeTarget "NYT-News" */;
			buildPhases = (
				8A8F443227AC0AFC00C0C9F6 /* Sources */,
				8A8F443327AC0AFC00C0C9F6 /* Frameworks */,
				8A8F443427AC0AFC00C0C9F6 /* Resources */,
			);
			buildRules = (
			);
			dependencies = (
			);
			name = "NYT-News";
			packageProductDependencies = (
				8A8F447D27AC0BE700C0C9F6 /* Kingfisher */,
			);
			productName = "NYT-News";
			productReference = 8A8F443627AC0AFC00C0C9F6 /* NYT-News.app */;
			productType = "com.apple.product-type.application";
		};
		8A8F444527AC0AFE00C0C9F6 /* NYT-NewsTests */ = {
			isa = PBXNativeTarget;
			buildConfigurationList = 8A8F445D27AC0AFE00C0C9F6 /* Build configuration list for PBXNativeTarget "NYT-NewsTests" */;
			buildPhases = (
				8A8F444227AC0AFE00C0C9F6 /* Sources */,
				8A8F444327AC0AFE00C0C9F6 /* Frameworks */,
				8A8F444427AC0AFE00C0C9F6 /* Resources */,
			);
			buildRules = (
			);
			dependencies = (
				8A8F444827AC0AFE00C0C9F6 /* PBXTargetDependency */,
			);
			name = "NYT-NewsTests";
			productName = "NYT-NewsTests";
			productReference = 8A8F444627AC0AFE00C0C9F6 /* NYT-NewsTests.xctest */;
			productType = "com.apple.product-type.bundle.unit-test";
		};
		8A8F444F27AC0AFE00C0C9F6 /* NYT-NewsUITests */ = {
			isa = PBXNativeTarget;
			buildConfigurationList = 8A8F446027AC0AFE00C0C9F6 /* Build configuration list for PBXNativeTarget "NYT-NewsUITests" */;
			buildPhases = (
				8A8F444C27AC0AFE00C0C9F6 /* Sources */,
				8A8F444D27AC0AFE00C0C9F6 /* Frameworks */,
				8A8F444E27AC0AFE00C0C9F6 /* Resources */,
			);
			buildRules = (
			);
			dependencies = (
				8A8F445227AC0AFE00C0C9F6 /* PBXTargetDependency */,
			);
			name = "NYT-NewsUITests";
			productName = "NYT-NewsUITests";
			productReference = 8A8F445027AC0AFE00C0C9F6 /* NYT-NewsUITests.xctest */;
			productType = "com.apple.product-type.bundle.ui-testing";
		};
/* End PBXNativeTarget section */

/* Begin PBXProject section */
		8A8F442E27AC0AFC00C0C9F6 /* Project object */ = {
			isa = PBXProject;
			attributes = {
				BuildIndependentTargetsInParallel = 1;
				LastSwiftUpdateCheck = 1320;
				LastUpgradeCheck = 1320;
				TargetAttributes = {
					8A8F443527AC0AFC00C0C9F6 = {
						CreatedOnToolsVersion = 13.2.1;
					};
					8A8F444527AC0AFE00C0C9F6 = {
						CreatedOnToolsVersion = 13.2.1;
						TestTargetID = 8A8F443527AC0AFC00C0C9F6;
					};
					8A8F444F27AC0AFE00C0C9F6 = {
						CreatedOnToolsVersion = 13.2.1;
						TestTargetID = 8A8F443527AC0AFC00C0C9F6;
					};
				};
			};
			buildConfigurationList = 8A8F443127AC0AFC00C0C9F6 /* Build configuration list for PBXProject "NYT-News" */;
			compatibilityVersion = "Xcode 13.0";
			developmentRegion = en;
			hasScannedForEncodings = 0;
			knownRegions = (
				en,
				Base,
			);
			mainGroup = 8A8F442D27AC0AFC00C0C9F6;
			packageReferences = (
				8A8F447C27AC0BE700C0C9F6 /* XCRemoteSwiftPackageReference "Kingfisher" */,
			);
			productRefGroup = 8A8F443727AC0AFC00C0C9F6 /* Products */;
			projectDirPath = "";
			projectRoot = "";
			targets = (
				8A8F443527AC0AFC00C0C9F6 /* NYT-News */,
				8A8F444527AC0AFE00C0C9F6 /* NYT-NewsTests */,
				8A8F444F27AC0AFE00C0C9F6 /* NYT-NewsUITests */,
			);
		};
/* End PBXProject section */

/* Begin PBXResourcesBuildPhase section */
		8A8F443427AC0AFC00C0C9F6 /* Resources */ = {
			isa = PBXResourcesBuildPhase;
			buildActionMask = 2147483647;
			files = (
				8A8F444127AC0AFD00C0C9F6 /* Preview Assets.xcassets in Resources */,
				8A8F443E27AC0AFD00C0C9F6 /* Assets.xcassets in Resources */,
			);
			runOnlyForDeploymentPostprocessing = 0;
		};
		8A8F444427AC0AFE00C0C9F6 /* Resources */ = {
			isa = PBXResourcesBuildPhase;
			buildActionMask = 2147483647;
			files = (
			);
			runOnlyForDeploymentPostprocessing = 0;
		};
		8A8F444E27AC0AFE00C0C9F6 /* Resources */ = {
			isa = PBXResourcesBuildPhase;
			buildActionMask = 2147483647;
			files = (
			);
			runOnlyForDeploymentPostprocessing = 0;
		};
/* End PBXResourcesBuildPhase section */

/* Begin PBXSourcesBuildPhase section */
		8A8F443227AC0AFC00C0C9F6 /* Sources */ = {
			isa = PBXSourcesBuildPhase;
			buildActionMask = 2147483647;
			files = (
				8A8F446F27AC0B4900C0C9F6 /* TopStoriesVM.swift in Sources */,
				8A8F447727AC0B6D00C0C9F6 /* SafariWebView.swift in Sources */,
				8A8F447527AC0B6400C0C9F6 /* DetailView.swift in Sources */,
				8A8F447927AC0B7800C0C9F6 /* TopStoryRowView.swift in Sources */,
				8A8F447127AC0B5100C0C9F6 /* HomeView.swift in Sources */,
				8A8F443C27AC0AFC00C0C9F6 /* ContentView.swift in Sources */,
				8A8F447B27AC0B8200C0C9F6 /* ArticleCategory.swift in Sources */,
				8A8F446927AC0B2E00C0C9F6 /* APICaller.swift in Sources */,
				8A8F447327AC0B5900C0C9F6 /* TopStoryListVIew.swift in Sources */,
				8A8F446B27AC0B3800C0C9F6 /* TopStoriesResponse.swift in Sources */,
				8A8F443A27AC0AFC00C0C9F6 /* NYT_NewsApp.swift in Sources */,
				8A8F446D27AC0B4000C0C9F6 /* DetailVM.swift in Sources */,
			);
			runOnlyForDeploymentPostprocessing = 0;
		};
		8A8F444227AC0AFE00C0C9F6 /* Sources */ = {
			isa = PBXSourcesBuildPhase;
			buildActionMask = 2147483647;
			files = (
				8A8F448027AC0C0000C0C9F6 /* TopStoriesVM_Tests.swift in Sources */,
				8A8F444B27AC0AFE00C0C9F6 /* NYT_NewsTests.swift in Sources */,
			);
			runOnlyForDeploymentPostprocessing = 0;
		};
		8A8F444C27AC0AFE00C0C9F6 /* Sources */ = {
			isa = PBXSourcesBuildPhase;
			buildActionMask = 2147483647;
			files = (
				8A8F445727AC0AFE00C0C9F6 /* NYT_NewsUITestsLaunchTests.swift in Sources */,
				8A8F445527AC0AFE00C0C9F6 /* NYT_NewsUITests.swift in Sources */,
			);
			runOnlyForDeploymentPostprocessing = 0;
		};
/* End PBXSourcesBuildPhase section */

/* Begin PBXTargetDependency section */
		8A8F444827AC0AFE00C0C9F6 /* PBXTargetDependency */ = {
			isa = PBXTargetDependency;
			target = 8A8F443527AC0AFC00C0C9F6 /* NYT-News */;
			targetProxy = 8A8F444727AC0AFE00C0C9F6 /* PBXContainerItemProxy */;
		};
		8A8F445227AC0AFE00C0C9F6 /* PBXTargetDependency */ = {
			isa = PBXTargetDependency;
			target = 8A8F443527AC0AFC00C0C9F6 /* NYT-News */;
			targetProxy = 8A8F445127AC0AFE00C0C9F6 /* PBXContainerItemProxy */;
		};
/* End PBXTargetDependency section */

/* Begin XCBuildConfiguration section */
		8A8F445827AC0AFE00C0C9F6 /* Debug */ = {
			isa = XCBuildConfiguration;
			buildSettings = {
				ALWAYS_SEARCH_USER_PATHS = NO;
				CLANG_ANALYZER_NONNULL = YES;
				CLANG_ANALYZER_NUMBER_OBJECT_CONVERSION = YES_AGGRESSIVE;
				CLANG_CXX_LANGUAGE_STANDARD = "gnu++17";
				CLANG_CXX_LIBRARY = "libc++";
				CLANG_ENABLE_MODULES = YES;
				CLANG_ENABLE_OBJC_ARC = YES;
				CLANG_ENABLE_OBJC_WEAK = YES;
				CLANG_WARN_BLOCK_CAPTURE_AUTORELEASING = YES;
				CLANG_WARN_BOOL_CONVERSION = YES;
				CLANG_WARN_COMMA = YES;
				CLANG_WARN_CONSTANT_CONVERSION = YES;
				CLANG_WARN_DEPRECATED_OBJC_IMPLEMENTATIONS = YES;
				CLANG_WARN_DIRECT_OBJC_ISA_USAGE = YES_ERROR;
				CLANG_WARN_DOCUMENTATION_COMMENTS = YES;
				CLANG_WARN_EMPTY_BODY = YES;
				CLANG_WARN_ENUM_CONVERSION = YES;
				CLANG_WARN_INFINITE_RECURSION = YES;
				CLANG_WARN_INT_CONVERSION = YES;
				CLANG_WARN_NON_LITERAL_NULL_CONVERSION = YES;
				CLANG_WARN_OBJC_IMPLICIT_RETAIN_SELF = YES;
				CLANG_WARN_OBJC_LITERAL_CONVERSION = YES;
				CLANG_WARN_OBJC_ROOT_CLASS = YES_ERROR;
				CLANG_WARN_QUOTED_INCLUDE_IN_FRAMEWORK_HEADER = YES;
				CLANG_WARN_RANGE_LOOP_ANALYSIS = YES;
				CLANG_WARN_STRICT_PROTOTYPES = YES;
				CLANG_WARN_SUSPICIOUS_MOVE = YES;
				CLANG_WARN_UNGUARDED_AVAILABILITY = YES_AGGRESSIVE;
				CLANG_WARN_UNREACHABLE_CODE = YES;
				CLANG_WARN__DUPLICATE_METHOD_MATCH = YES;
				COPY_PHASE_STRIP = NO;
				DEBUG_INFORMATION_FORMAT = dwarf;
				ENABLE_STRICT_OBJC_MSGSEND = YES;
				ENABLE_TESTABILITY = YES;
				GCC_C_LANGUAGE_STANDARD = gnu11;
				GCC_DYNAMIC_NO_PIC = NO;
				GCC_NO_COMMON_BLOCKS = YES;
				GCC_OPTIMIZATION_LEVEL = 0;
				GCC_PREPROCESSOR_DEFINITIONS = (
					"DEBUG=1",
					"$(inherited)",
				);
				GCC_WARN_64_TO_32_BIT_CONVERSION = YES;
				GCC_WARN_ABOUT_RETURN_TYPE = YES_ERROR;
				GCC_WARN_UNDECLARED_SELECTOR = YES;
				GCC_WARN_UNINITIALIZED_AUTOS = YES_AGGRESSIVE;
				GCC_WARN_UNUSED_FUNCTION = YES;
				GCC_WARN_UNUSED_VARIABLE = YES;
				IPHONEOS_DEPLOYMENT_TARGET = 15.2;
				MTL_ENABLE_DEBUG_INFO = INCLUDE_SOURCE;
				MTL_FAST_MATH = YES;
				ONLY_ACTIVE_ARCH = YES;
				SDKROOT = iphoneos;
				SWIFT_ACTIVE_COMPILATION_CONDITIONS = DEBUG;
				SWIFT_OPTIMIZATION_LEVEL = "-Onone";
			};
			name = Debug;
		};
		8A8F445927AC0AFE00C0C9F6 /* Release */ = {
			isa = XCBuildConfiguration;
			buildSettings = {
				ALWAYS_SEARCH_USER_PATHS = NO;
				CLANG_ANALYZER_NONNULL = YES;
				CLANG_ANALYZER_NUMBER_OBJECT_CONVERSION = YES_AGGRESSIVE;
				CLANG_CXX_LANGUAGE_STANDARD = "gnu++17";
				CLANG_CXX_LIBRARY = "libc++";
				CLANG_ENABLE_MODULES = YES;
				CLANG_ENABLE_OBJC_ARC = YES;
				CLANG_ENABLE_OBJC_WEAK = YES;
				CLANG_WARN_BLOCK_CAPTURE_AUTORELEASING = YES;
				CLANG_WARN_BOOL_CONVERSION = YES;
				CLANG_WARN_COMMA = YES;
				CLANG_WARN_CONSTANT_CONVERSION = YES;
				CLANG_WARN_DEPRECATED_OBJC_IMPLEMENTATIONS = YES;
				CLANG_WARN_DIRECT_OBJC_ISA_USAGE = YES_ERROR;
				CLANG_WARN_DOCUMENTATION_COMMENTS = YES;
				CLANG_WARN_EMPTY_BODY = YES;
				CLANG_WARN_ENUM_CONVERSION = YES;
				CLANG_WARN_INFINITE_RECURSION = YES;
				CLANG_WARN_INT_CONVERSION = YES;
				CLANG_WARN_NON_LITERAL_NULL_CONVERSION = YES;
				CLANG_WARN_OBJC_IMPLICIT_RETAIN_SELF = YES;
				CLANG_WARN_OBJC_LITERAL_CONVERSION = YES;
				CLANG_WARN_OBJC_ROOT_CLASS = YES_ERROR;
				CLANG_WARN_QUOTED_INCLUDE_IN_FRAMEWORK_HEADER = YES;
				CLANG_WARN_RANGE_LOOP_ANALYSIS = YES;
				CLANG_WARN_STRICT_PROTOTYPES = YES;
				CLANG_WARN_SUSPICIOUS_MOVE = YES;
				CLANG_WARN_UNGUARDED_AVAILABILITY = YES_AGGRESSIVE;
				CLANG_WARN_UNREACHABLE_CODE = YES;
				CLANG_WARN__DUPLICATE_METHOD_MATCH = YES;
				COPY_PHASE_STRIP = NO;
				DEBUG_INFORMATION_FORMAT = "dwarf-with-dsym";
				ENABLE_NS_ASSERTIONS = NO;
				ENABLE_STRICT_OBJC_MSGSEND = YES;
				GCC_C_LANGUAGE_STANDARD = gnu11;
				GCC_NO_COMMON_BLOCKS = YES;
				GCC_WARN_64_TO_32_BIT_CONVERSION = YES;
				GCC_WARN_ABOUT_RETURN_TYPE = YES_ERROR;
				GCC_WARN_UNDECLARED_SELECTOR = YES;
				GCC_WARN_UNINITIALIZED_AUTOS = YES_AGGRESSIVE;
				GCC_WARN_UNUSED_FUNCTION = YES;
				GCC_WARN_UNUSED_VARIABLE = YES;
				IPHONEOS_DEPLOYMENT_TARGET = 15.2;
				MTL_ENABLE_DEBUG_INFO = NO;
				MTL_FAST_MATH = YES;
				SDKROOT = iphoneos;
				SWIFT_COMPILATION_MODE = wholemodule;
				SWIFT_OPTIMIZATION_LEVEL = "-O";
				VALIDATE_PRODUCT = YES;
			};
			name = Release;
		};
		8A8F445B27AC0AFE00C0C9F6 /* Debug */ = {
			isa = XCBuildConfiguration;
			buildSettings = {
				ASSETCATALOG_COMPILER_APPICON_NAME = AppIcon;
				ASSETCATALOG_COMPILER_GLOBAL_ACCENT_COLOR_NAME = AccentColor;
				CODE_SIGN_STYLE = Automatic;
				CURRENT_PROJECT_VERSION = 2;
				DEVELOPMENT_ASSET_PATHS = "\"NYT-News/Preview Content\"";
				DEVELOPMENT_TEAM = LL2RXX39AD;
				ENABLE_PREVIEWS = YES;
				GENERATE_INFOPLIST_FILE = YES;
				INFOPLIST_KEY_UIApplicationSceneManifest_Generation = YES;
				INFOPLIST_KEY_UIApplicationSupportsIndirectInputEvents = YES;
				INFOPLIST_KEY_UILaunchScreen_Generation = YES;
				INFOPLIST_KEY_UISupportedInterfaceOrientations_iPad = "UIInterfaceOrientationPortrait UIInterfaceOrientationPortraitUpsideDown UIInterfaceOrientationLandscapeLeft UIInterfaceOrientationLandscapeRight";
				INFOPLIST_KEY_UISupportedInterfaceOrientations_iPhone = UIInterfaceOrientationPortrait;
				LD_RUNPATH_SEARCH_PATHS = (
					"$(inherited)",
					"@executable_path/Frameworks",
				);
				MARKETING_VERSION = 1.0;
				PRODUCT_BUNDLE_IDENTIFIER = "JubieAlade.NYT-News";
				PRODUCT_NAME = "$(TARGET_NAME)";
				SWIFT_EMIT_LOC_STRINGS = YES;
				SWIFT_VERSION = 5.0;
				TARGETED_DEVICE_FAMILY = "1,2";
			};
			name = Debug;
		};
		8A8F445C27AC0AFE00C0C9F6 /* Release */ = {
			isa = XCBuildConfiguration;
			buildSettings = {
				ASSETCATALOG_COMPILER_APPICON_NAME = AppIcon;
				ASSETCATALOG_COMPILER_GLOBAL_ACCENT_COLOR_NAME = AccentColor;
				CODE_SIGN_STYLE = Automatic;
				CURRENT_PROJECT_VERSION = 2;
				DEVELOPMENT_ASSET_PATHS = "\"NYT-News/Preview Content\"";
				DEVELOPMENT_TEAM = LL2RXX39AD;
				ENABLE_PREVIEWS = YES;
				GENERATE_INFOPLIST_FILE = YES;
				INFOPLIST_KEY_UIApplicationSceneManifest_Generation = YES;
				INFOPLIST_KEY_UIApplicationSupportsIndirectInputEvents = YES;
				INFOPLIST_KEY_UILaunchScreen_Generation = YES;
				INFOPLIST_KEY_UISupportedInterfaceOrientations_iPad = "UIInterfaceOrientationPortrait UIInterfaceOrientationPortraitUpsideDown UIInterfaceOrientationLandscapeLeft UIInterfaceOrientationLandscapeRight";
				INFOPLIST_KEY_UISupportedInterfaceOrientations_iPhone = UIInterfaceOrientationPortrait;
				LD_RUNPATH_SEARCH_PATHS = (
					"$(inherited)",
					"@executable_path/Frameworks",
				);
				MARKETING_VERSION = 1.0;
				PRODUCT_BUNDLE_IDENTIFIER = "JubieAlade.NYT-News";
				PRODUCT_NAME = "$(TARGET_NAME)";
				SWIFT_EMIT_LOC_STRINGS = YES;
				SWIFT_VERSION = 5.0;
				TARGETED_DEVICE_FAMILY = "1,2";
			};
			name = Release;
		};
		8A8F445E27AC0AFE00C0C9F6 /* Debug */ = {
			isa = XCBuildConfiguration;
			buildSettings = {
				ALWAYS_EMBED_SWIFT_STANDARD_LIBRARIES = YES;
				BUNDLE_LOADER = "$(TEST_HOST)";
				CODE_SIGN_STYLE = Automatic;
				CURRENT_PROJECT_VERSION = 1;
				DEVELOPMENT_TEAM = LL2RXX39AD;
				GENERATE_INFOPLIST_FILE = YES;
				IPHONEOS_DEPLOYMENT_TARGET = 15.2;
				MARKETING_VERSION = 1.0;
				PRODUCT_BUNDLE_IDENTIFIER = "JubieAlade.NYT-NewsTests";
				PRODUCT_NAME = "$(TARGET_NAME)";
				SWIFT_EMIT_LOC_STRINGS = NO;
				SWIFT_VERSION = 5.0;
				TARGETED_DEVICE_FAMILY = "1,2";
				TEST_HOST = "$(BUILT_PRODUCTS_DIR)/NYT-News.app/NYT-News";
			};
			name = Debug;
		};
		8A8F445F27AC0AFE00C0C9F6 /* Release */ = {
			isa = XCBuildConfiguration;
			buildSettings = {
				ALWAYS_EMBED_SWIFT_STANDARD_LIBRARIES = YES;
				BUNDLE_LOADER = "$(TEST_HOST)";
				CODE_SIGN_STYLE = Automatic;
				CURRENT_PROJECT_VERSION = 1;
				DEVELOPMENT_TEAM = LL2RXX39AD;
				GENERATE_INFOPLIST_FILE = YES;
				IPHONEOS_DEPLOYMENT_TARGET = 15.2;
				MARKETING_VERSION = 1.0;
				PRODUCT_BUNDLE_IDENTIFIER = "JubieAlade.NYT-NewsTests";
				PRODUCT_NAME = "$(TARGET_NAME)";
				SWIFT_EMIT_LOC_STRINGS = NO;
				SWIFT_VERSION = 5.0;
				TARGETED_DEVICE_FAMILY = "1,2";
				TEST_HOST = "$(BUILT_PRODUCTS_DIR)/NYT-News.app/NYT-News";
			};
			name = Release;
		};
		8A8F446127AC0AFE00C0C9F6 /* Debug */ = {
			isa = XCBuildConfiguration;
			buildSettings = {
				ALWAYS_EMBED_SWIFT_STANDARD_LIBRARIES = YES;
				CODE_SIGN_STYLE = Automatic;
				CURRENT_PROJECT_VERSION = 1;
				DEVELOPMENT_TEAM = LL2RXX39AD;
				GENERATE_INFOPLIST_FILE = YES;
				MARKETING_VERSION = 1.0;
				PRODUCT_BUNDLE_IDENTIFIER = "JubieAlade.NYT-NewsUITests";
				PRODUCT_NAME = "$(TARGET_NAME)";
				SWIFT_EMIT_LOC_STRINGS = NO;
				SWIFT_VERSION = 5.0;
				TARGETED_DEVICE_FAMILY = "1,2";
				TEST_TARGET_NAME = "NYT-News";
			};
			name = Debug;
		};
		8A8F446227AC0AFE00C0C9F6 /* Release */ = {
			isa = XCBuildConfiguration;
			buildSettings = {
				ALWAYS_EMBED_SWIFT_STANDARD_LIBRARIES = YES;
				CODE_SIGN_STYLE = Automatic;
				CURRENT_PROJECT_VERSION = 1;
				DEVELOPMENT_TEAM = LL2RXX39AD;
				GENERATE_INFOPLIST_FILE = YES;
				MARKETING_VERSION = 1.0;
				PRODUCT_BUNDLE_IDENTIFIER = "JubieAlade.NYT-NewsUITests";
				PRODUCT_NAME = "$(TARGET_NAME)";
				SWIFT_EMIT_LOC_STRINGS = NO;
				SWIFT_VERSION = 5.0;
				TARGETED_DEVICE_FAMILY = "1,2";
				TEST_TARGET_NAME = "NYT-News";
			};
			name = Release;
		};
/* End XCBuildConfiguration section */

/* Begin XCConfigurationList section */
		8A8F443127AC0AFC00C0C9F6 /* Build configuration list for PBXProject "NYT-News" */ = {
			isa = XCConfigurationList;
			buildConfigurations = (
				8A8F445827AC0AFE00C0C9F6 /* Debug */,
				8A8F445927AC0AFE00C0C9F6 /* Release */,
			);
			defaultConfigurationIsVisible = 0;
			defaultConfigurationName = Release;
		};
		8A8F445A27AC0AFE00C0C9F6 /* Build configuration list for PBXNativeTarget "NYT-News" */ = {
			isa = XCConfigurationList;
			buildConfigurations = (
				8A8F445B27AC0AFE00C0C9F6 /* Debug */,
				8A8F445C27AC0AFE00C0C9F6 /* Release */,
			);
			defaultConfigurationIsVisible = 0;
			defaultConfigurationName = Release;
		};
		8A8F445D27AC0AFE00C0C9F6 /* Build configuration list for PBXNativeTarget "NYT-NewsTests" */ = {
			isa = XCConfigurationList;
			buildConfigurations = (
				8A8F445E27AC0AFE00C0C9F6 /* Debug */,
				8A8F445F27AC0AFE00C0C9F6 /* Release */,
			);
			defaultConfigurationIsVisible = 0;
			defaultConfigurationName = Release;
		};
		8A8F446027AC0AFE00C0C9F6 /* Build configuration list for PBXNativeTarget "NYT-NewsUITests" */ = {
			isa = XCConfigurationList;
			buildConfigurations = (
				8A8F446127AC0AFE00C0C9F6 /* Debug */,
				8A8F446227AC0AFE00C0C9F6 /* Release */,
			);
			defaultConfigurationIsVisible = 0;
			defaultConfigurationName = Release;
		};
/* End XCConfigurationList section */

/* Begin XCRemoteSwiftPackageReference section */
		8A8F447C27AC0BE700C0C9F6 /* XCRemoteSwiftPackageReference "Kingfisher" */ = {
			isa = XCRemoteSwiftPackageReference;
			repositoryURL = "https://github.com/onevcat/Kingfisher.git";
			requirement = {
				branch = master;
				kind = branch;
			};
		};
/* End XCRemoteSwiftPackageReference section */

/* Begin XCSwiftPackageProductDependency section */
		8A8F447D27AC0BE700C0C9F6 /* Kingfisher */ = {
			isa = XCSwiftPackageProductDependency;
			package = 8A8F447C27AC0BE700C0C9F6 /* XCRemoteSwiftPackageReference "Kingfisher" */;
			productName = Kingfisher;
		};
/* End XCSwiftPackageProductDependency section */
	};
	rootObject = 8A8F442E27AC0AFC00C0C9F6 /* Project object */;
}
